
Microsoft Visual Studio Solution File, Format Version 12.00
# Visual Studio 15
VisualStudioVersion = 15.0.28307.136
MinimumVisualStudioVersion = 10.0.40219.1
Project("{FAE04EC0-301F-11D3-BF4B-00C04F79EFBC}") = "crud.repository", "crud.repository\crud.repository.csproj", "{DB1EAC10-F071-477E-8737-2AFA8A60E2A7}"
EndProject
Project("{FAE04EC0-301F-11D3-BF4B-00C04F79EFBC}") = "crud.test", "..\crud.test\crud.test\crud.test.csproj", "{AA729052-A575-42AF-8515-6712170D7CFF}"
EndProject
Global
	GlobalSection(SolutionConfigurationPlatforms) = preSolution
		Debug|Any CPU = Debug|Any CPU
		Release|Any CPU = Release|Any CPU
	EndGlobalSection
	GlobalSection(ProjectConfigurationPlatforms) = postSolution
		{DB1EAC10-F071-477E-8737-2AFA8A60E2A7}.Debug|Any CPU.ActiveCfg = Debug|Any CPU
		{DB1EAC10-F071-477E-8737-2AFA8A60E2A7}.Debug|Any CPU.Build.0 = Debug|Any CPU
		{DB1EAC10-F071-477E-8737-2AFA8A60E2A7}.Release|Any CPU.ActiveCfg = Release|Any CPU
		{DB1EAC10-F071-477E-8737-2AFA8A60E2A7}.Release|Any CPU.Build.0 = Release|Any CPU
		{AA729052-A575-42AF-8515-6712170D7CFF}.Debug|Any CPU.ActiveCfg = Debug|Any CPU
		{AA729052-A575-42AF-8515-6712170D7CFF}.Debug|Any CPU.Build.0 = Debug|Any CPU
		{AA729052-A575-42AF-8515-6712170D7CFF}.Release|Any CPU.ActiveCfg = Release|Any CPU
		{AA729052-A575-42AF-8515-6712170D7CFF}.Release|Any CPU.Build.0 = Release|Any CPU
	EndGlobalSection
	GlobalSection(SolutionProperties) = preSolution
		HideSolutionNode = FALSE
	EndGlobalSection
	GlobalSection(ExtensibilityGlobals) = postSolution
		SolutionGuid = {CE110F3C-8BB6-4C87-AE5A-148E4FA0B53C}
	EndGlobalSection
EndGlobal
